
Microsoft Visual Studio Solution File, Format Version 12.00
# Visual Studio 2012
Project("{FAE04EC0-301F-11D3-BF4B-00C04F79EFBC}") = "Nemcache.Service", "Nemcache.Service\Nemcache.Service.csproj", "{74C89543-E71E-4D6E-95E1-796014C6CCC0}"
EndProject
Project("{FAE04EC0-301F-11D3-BF4B-00C04F79EFBC}") = "Nemcache.Tests", "Nemcache.Tests\Nemcache.Tests.csproj", "{0ED84914-65F3-4BB2-AA13-36EEDEB72937}"
EndProject
Project("{FAE04EC0-301F-11D3-BF4B-00C04F79EFBC}") = "Nemcache.Client", "Nemcache.Client\Nemcache.Client.csproj", "{9B7ED86E-5341-4CEA-A1D6-AB6D85393DDD}"
EndProject
Project("{FAE04EC0-301F-11D3-BF4B-00C04F79EFBC}") = "Nemcache.IntegrationTestRunner", "Nemcache.IntegrationTestRunner\Nemcache.IntegrationTestRunner.csproj", "{F99A4B89-FCF5-4D37-A144-EFE0AD897261}"
EndProject
Project("{2150E333-8FDC-42A3-9474-1A3956D46DE8}") = "Tests", "Tests", "{2E97F31A-8983-45A2-AA95-3378FAE32184}"
EndProject
Project("{FAE04EC0-301F-11D3-BF4B-00C04F79EFBC}") = "Nemcache.Storage", "Nemcache.Storage\Nemcache.Storage.csproj", "{A12B36A5-82C7-444A-B90A-0E22F0B77064}"
EndProject
Project("{FAE04EC0-301F-11D3-BF4B-00C04F79EFBC}") = "Nemcache.DynamoService", "Nemcache.DynamoService\Nemcache.DynamoService.csproj", "{24E39828-1085-4DC2-90B3-600C57A0CB62}"
EndProject
Project("{FAE04EC0-301F-11D3-BF4B-00C04F79EFBC}") = "Nemcache.DynamoService.Tests", "Nemcache.DynamoService.Tests\Nemcache.DynamoService.Tests.csproj", "{52733778-4C21-4F28-A215-9EC7DC8A3488}"
EndProject
Global
	GlobalSection(SolutionConfigurationPlatforms) = preSolution
		Debug|Any CPU = Debug|Any CPU
		Release|Any CPU = Release|Any CPU
	EndGlobalSection
	GlobalSection(ProjectConfigurationPlatforms) = postSolution
		{74C89543-E71E-4D6E-95E1-796014C6CCC0}.Debug|Any CPU.ActiveCfg = Debug|Any CPU
		{74C89543-E71E-4D6E-95E1-796014C6CCC0}.Debug|Any CPU.Build.0 = Debug|Any CPU
		{74C89543-E71E-4D6E-95E1-796014C6CCC0}.Release|Any CPU.ActiveCfg = Release|Any CPU
		{74C89543-E71E-4D6E-95E1-796014C6CCC0}.Release|Any CPU.Build.0 = Release|Any CPU
		{0ED84914-65F3-4BB2-AA13-36EEDEB72937}.Debug|Any CPU.ActiveCfg = Debug|Any CPU
		{0ED84914-65F3-4BB2-AA13-36EEDEB72937}.Debug|Any CPU.Build.0 = Debug|Any CPU
		{0ED84914-65F3-4BB2-AA13-36EEDEB72937}.Release|Any CPU.ActiveCfg = Release|Any CPU
		{0ED84914-65F3-4BB2-AA13-36EEDEB72937}.Release|Any CPU.Build.0 = Release|Any CPU
		{9B7ED86E-5341-4CEA-A1D6-AB6D85393DDD}.Debug|Any CPU.ActiveCfg = Debug|Any CPU
		{9B7ED86E-5341-4CEA-A1D6-AB6D85393DDD}.Debug|Any CPU.Build.0 = Debug|Any CPU
		{9B7ED86E-5341-4CEA-A1D6-AB6D85393DDD}.Release|Any CPU.ActiveCfg = Release|Any CPU
		{9B7ED86E-5341-4CEA-A1D6-AB6D85393DDD}.Release|Any CPU.Build.0 = Release|Any CPU
		{F99A4B89-FCF5-4D37-A144-EFE0AD897261}.Debug|Any CPU.ActiveCfg = Debug|Any CPU
		{F99A4B89-FCF5-4D37-A144-EFE0AD897261}.Debug|Any CPU.Build.0 = Debug|Any CPU
		{F99A4B89-FCF5-4D37-A144-EFE0AD897261}.Release|Any CPU.ActiveCfg = Release|Any CPU
		{F99A4B89-FCF5-4D37-A144-EFE0AD897261}.Release|Any CPU.Build.0 = Release|Any CPU
		{A12B36A5-82C7-444A-B90A-0E22F0B77064}.Debug|Any CPU.ActiveCfg = Debug|Any CPU
		{A12B36A5-82C7-444A-B90A-0E22F0B77064}.Debug|Any CPU.Build.0 = Debug|Any CPU
		{A12B36A5-82C7-444A-B90A-0E22F0B77064}.Release|Any CPU.ActiveCfg = Release|Any CPU
		{A12B36A5-82C7-444A-B90A-0E22F0B77064}.Release|Any CPU.Build.0 = Release|Any CPU
		{24E39828-1085-4DC2-90B3-600C57A0CB62}.Debug|Any CPU.ActiveCfg = Debug|Any CPU
		{24E39828-1085-4DC2-90B3-600C57A0CB62}.Debug|Any CPU.Build.0 = Debug|Any CPU
		{24E39828-1085-4DC2-90B3-600C57A0CB62}.Release|Any CPU.ActiveCfg = Release|Any CPU
		{24E39828-1085-4DC2-90B3-600C57A0CB62}.Release|Any CPU.Build.0 = Release|Any CPU
		{52733778-4C21-4F28-A215-9EC7DC8A3488}.Debug|Any CPU.ActiveCfg = Debug|Any CPU
		{52733778-4C21-4F28-A215-9EC7DC8A3488}.Debug|Any CPU.Build.0 = Debug|Any CPU
		{52733778-4C21-4F28-A215-9EC7DC8A3488}.Release|Any CPU.ActiveCfg = Release|Any CPU
		{52733778-4C21-4F28-A215-9EC7DC8A3488}.Release|Any CPU.Build.0 = Release|Any CPU
	EndGlobalSection
	GlobalSection(SolutionProperties) = preSolution
		HideSolutionNode = FALSE
	EndGlobalSection
	GlobalSection(NestedProjects) = preSolution
		{F99A4B89-FCF5-4D37-A144-EFE0AD897261} = {2E97F31A-8983-45A2-AA95-3378FAE32184}
		{0ED84914-65F3-4BB2-AA13-36EEDEB72937} = {2E97F31A-8983-45A2-AA95-3378FAE32184}
	EndGlobalSection
EndGlobal
